// !$*UTF8*$!
{
	archiveVersion = 1;
	classes = {
	};
	objectVersion = 48;
	objects = {

/* Begin PBXBuildFile section */
		6F20BD2E1FE5B4D000E7A398 /* AppDelegate.swift in Sources */ = {isa = PBXBuildFile; fileRef = 6F20BD2D1FE5B4D000E7A398 /* AppDelegate.swift */; };
		6F20BD301FE5B4D000E7A398 /* WorkViewController.swift in Sources */ = {isa = PBXBuildFile; fileRef = 6F20BD2F1FE5B4D000E7A398 /* WorkViewController.swift */; };
		6F20BD331FE5B4D000E7A398 /* Main.storyboard in Resources */ = {isa = PBXBuildFile; fileRef = 6F20BD311FE5B4D000E7A398 /* Main.storyboard */; };
		6F20BD351FE5B4D000E7A398 /* Assets.xcassets in Resources */ = {isa = PBXBuildFile; fileRef = 6F20BD341FE5B4D000E7A398 /* Assets.xcassets */; };
		6F20BD381FE5B4D000E7A398 /* LaunchScreen.storyboard in Resources */ = {isa = PBXBuildFile; fileRef = 6F20BD361FE5B4D000E7A398 /* LaunchScreen.storyboard */; };
		6F20BD431FE5B4D100E7A398 /* PomodoroTests.swift in Sources */ = {isa = PBXBuildFile; fileRef = 6F20BD421FE5B4D100E7A398 /* PomodoroTests.swift */; };
		6F20BD4E1FE5B4D100E7A398 /* PomodoroUITests.swift in Sources */ = {isa = PBXBuildFile; fileRef = 6F20BD4D1FE5B4D100E7A398 /* PomodoroUITests.swift */; };
		6F6CAD3D1FEDEEC4000A8656 /* BreakViewController.swift in Sources */ = {isa = PBXBuildFile; fileRef = 6F6CAD3C1FEDEEC4000A8656 /* BreakViewController.swift */; };
		6FE685651FEF371E00FA6007 /* not-kiddin.mp3 in Resources */ = {isa = PBXBuildFile; fileRef = 6FE685641FEF371E00FA6007 /* not-kiddin.mp3 */; };
/* End PBXBuildFile section */

/* Begin PBXContainerItemProxy section */
		6F20BD3F1FE5B4D100E7A398 /* PBXContainerItemProxy */ = {
			isa = PBXContainerItemProxy;
			containerPortal = 6F20BD221FE5B4D000E7A398 /* Project object */;
			proxyType = 1;
			remoteGlobalIDString = 6F20BD291FE5B4D000E7A398;
			remoteInfo = Pomodoro;
		};
		6F20BD4A1FE5B4D100E7A398 /* PBXContainerItemProxy */ = {
			isa = PBXContainerItemProxy;
			containerPortal = 6F20BD221FE5B4D000E7A398 /* Project object */;
			proxyType = 1;
			remoteGlobalIDString = 6F20BD291FE5B4D000E7A398;
			remoteInfo = Pomodoro;
		};
/* End PBXContainerItemProxy section */

/* Begin PBXFileReference section */
		6F20BD2A1FE5B4D000E7A398 /* Pomodoro.app */ = {isa = PBXFileReference; explicitFileType = wrapper.application; includeInIndex = 0; path = Pomodoro.app; sourceTree = BUILT_PRODUCTS_DIR; };
		6F20BD2D1FE5B4D000E7A398 /* AppDelegate.swift */ = {isa = PBXFileReference; lastKnownFileType = sourcecode.swift; path = AppDelegate.swift; sourceTree = "<group>"; };
		6F20BD2F1FE5B4D000E7A398 /* WorkViewController.swift */ = {isa = PBXFileReference; lastKnownFileType = sourcecode.swift; path = WorkViewController.swift; sourceTree = "<group>"; };
		6F20BD321FE5B4D000E7A398 /* Base */ = {isa = PBXFileReference; lastKnownFileType = file.storyboard; name = Base; path = Base.lproj/Main.storyboard; sourceTree = "<group>"; };
		6F20BD341FE5B4D000E7A398 /* Assets.xcassets */ = {isa = PBXFileReference; lastKnownFileType = folder.assetcatalog; path = Assets.xcassets; sourceTree = "<group>"; };
		6F20BD371FE5B4D000E7A398 /* Base */ = {isa = PBXFileReference; lastKnownFileType = file.storyboard; name = Base; path = Base.lproj/LaunchScreen.storyboard; sourceTree = "<group>"; };
		6F20BD391FE5B4D100E7A398 /* Info.plist */ = {isa = PBXFileReference; lastKnownFileType = text.plist.xml; path = Info.plist; sourceTree = "<group>"; };
		6F20BD3E1FE5B4D100E7A398 /* PomodoroTests.xctest */ = {isa = PBXFileReference; explicitFileType = wrapper.cfbundle; includeInIndex = 0; path = PomodoroTests.xctest; sourceTree = BUILT_PRODUCTS_DIR; };
		6F20BD421FE5B4D100E7A398 /* PomodoroTests.swift */ = {isa = PBXFileReference; lastKnownFileType = sourcecode.swift; path = PomodoroTests.swift; sourceTree = "<group>"; };
		6F20BD441FE5B4D100E7A398 /* Info.plist */ = {isa = PBXFileReference; lastKnownFileType = text.plist.xml; path = Info.plist; sourceTree = "<group>"; };
		6F20BD491FE5B4D100E7A398 /* PomodoroUITests.xctest */ = {isa = PBXFileReference; explicitFileType = wrapper.cfbundle; includeInIndex = 0; path = PomodoroUITests.xctest; sourceTree = BUILT_PRODUCTS_DIR; };
		6F20BD4D1FE5B4D100E7A398 /* PomodoroUITests.swift */ = {isa = PBXFileReference; lastKnownFileType = sourcecode.swift; path = PomodoroUITests.swift; sourceTree = "<group>"; };
		6F20BD4F1FE5B4D100E7A398 /* Info.plist */ = {isa = PBXFileReference; lastKnownFileType = text.plist.xml; path = Info.plist; sourceTree = "<group>"; };
		6F6CAD3C1FEDEEC4000A8656 /* BreakViewController.swift */ = {isa = PBXFileReference; lastKnownFileType = sourcecode.swift; path = BreakViewController.swift; sourceTree = "<group>"; };
		6FE685641FEF371E00FA6007 /* not-kiddin.mp3 */ = {isa = PBXFileReference; lastKnownFileType = audio.mp3; name = "not-kiddin.mp3"; path = "../../../../Desktop/not-kiddin.mp3"; sourceTree = "<group>"; };
/* End PBXFileReference section */

/* Begin PBXFrameworksBuildPhase section */
		6F20BD271FE5B4D000E7A398 /* Frameworks */ = {
			isa = PBXFrameworksBuildPhase;
			buildActionMask = 2147483647;
			files = (
			);
			runOnlyForDeploymentPostprocessing = 0;
		};
		6F20BD3B1FE5B4D100E7A398 /* Frameworks */ = {
			isa = PBXFrameworksBuildPhase;
			buildActionMask = 2147483647;
			files = (
			);
			runOnlyForDeploymentPostprocessing = 0;
		};
		6F20BD461FE5B4D100E7A398 /* Frameworks */ = {
			isa = PBXFrameworksBuildPhase;
			buildActionMask = 2147483647;
			files = (
			);
			runOnlyForDeploymentPostprocessing = 0;
		};
/* End PBXFrameworksBuildPhase section */

/* Begin PBXGroup section */
		6F20BD211FE5B4D000E7A398 = {
			isa = PBXGroup;
			children = (
				6F20BD2C1FE5B4D000E7A398 /* Pomodoro */,
				6F20BD411FE5B4D100E7A398 /* PomodoroTests */,
				6F20BD4C1FE5B4D100E7A398 /* PomodoroUITests */,
				6F20BD2B1FE5B4D000E7A398 /* Products */,
			);
			sourceTree = "<group>";
		};
		6F20BD2B1FE5B4D000E7A398 /* Products */ = {
			isa = PBXGroup;
			children = (
				6F20BD2A1FE5B4D000E7A398 /* Pomodoro.app */,
				6F20BD3E1FE5B4D100E7A398 /* PomodoroTests.xctest */,
				6F20BD491FE5B4D100E7A398 /* PomodoroUITests.xctest */,
			);
			name = Products;
			sourceTree = "<group>";
		};
		6F20BD2C1FE5B4D000E7A398 /* Pomodoro */ = {
			isa = PBXGroup;
			children = (
				6F20BD2D1FE5B4D000E7A398 /* AppDelegate.swift */,
				6F20BD2F1FE5B4D000E7A398 /* WorkViewController.swift */,
				6F6CAD3C1FEDEEC4000A8656 /* BreakViewController.swift */,
				6F20BD311FE5B4D000E7A398 /* Main.storyboard */,
				6F20BD341FE5B4D000E7A398 /* Assets.xcassets */,
				6F20BD361FE5B4D000E7A398 /* LaunchScreen.storyboard */,
				6F20BD391FE5B4D100E7A398 /* Info.plist */,
				6FE685641FEF371E00FA6007 /* not-kiddin.mp3 */,
			);
			path = Pomodoro;
			sourceTree = "<group>";
		};
		6F20BD411FE5B4D100E7A398 /* PomodoroTests */ = {
			isa = PBXGroup;
			children = (
				6F20BD421FE5B4D100E7A398 /* PomodoroTests.swift */,
				6F20BD441FE5B4D100E7A398 /* Info.plist */,
			);
			path = PomodoroTests;
			sourceTree = "<group>";
		};
		6F20BD4C1FE5B4D100E7A398 /* PomodoroUITests */ = {
			isa = PBXGroup;
			children = (
				6F20BD4D1FE5B4D100E7A398 /* PomodoroUITests.swift */,
				6F20BD4F1FE5B4D100E7A398 /* Info.plist */,
			);
			path = PomodoroUITests;
			sourceTree = "<group>";
		};
/* End PBXGroup section */

/* Begin PBXNativeTarget section */
		6F20BD291FE5B4D000E7A398 /* Pomodoro */ = {
			isa = PBXNativeTarget;
			buildConfigurationList = 6F20BD521FE5B4D100E7A398 /* Build configuration list for PBXNativeTarget "Pomodoro" */;
			buildPhases = (
				6F20BD261FE5B4D000E7A398 /* Sources */,
				6F20BD271FE5B4D000E7A398 /* Frameworks */,
				6F20BD281FE5B4D000E7A398 /* Resources */,
			);
			buildRules = (
			);
			dependencies = (
			);
			name = Pomodoro;
			productName = Pomodoro;
			productReference = 6F20BD2A1FE5B4D000E7A398 /* Pomodoro.app */;
			productType = "com.apple.product-type.application";
		};
		6F20BD3D1FE5B4D100E7A398 /* PomodoroTests */ = {
			isa = PBXNativeTarget;
			buildConfigurationList = 6F20BD551FE5B4D100E7A398 /* Build configuration list for PBXNativeTarget "PomodoroTests" */;
			buildPhases = (
				6F20BD3A1FE5B4D100E7A398 /* Sources */,
				6F20BD3B1FE5B4D100E7A398 /* Frameworks */,
				6F20BD3C1FE5B4D100E7A398 /* Resources */,
			);
			buildRules = (
			);
			dependencies = (
				6F20BD401FE5B4D100E7A398 /* PBXTargetDependency */,
			);
			name = PomodoroTests;
			productName = PomodoroTests;
			productReference = 6F20BD3E1FE5B4D100E7A398 /* PomodoroTests.xctest */;
			productType = "com.apple.product-type.bundle.unit-test";
		};
		6F20BD481FE5B4D100E7A398 /* PomodoroUITests */ = {
			isa = PBXNativeTarget;
			buildConfigurationList = 6F20BD581FE5B4D100E7A398 /* Build configuration list for PBXNativeTarget "PomodoroUITests" */;
			buildPhases = (
				6F20BD451FE5B4D100E7A398 /* Sources */,
				6F20BD461FE5B4D100E7A398 /* Frameworks */,
				6F20BD471FE5B4D100E7A398 /* Resources */,
			);
			buildRules = (
			);
			dependencies = (
				6F20BD4B1FE5B4D100E7A398 /* PBXTargetDependency */,
			);
			name = PomodoroUITests;
			productName = PomodoroUITests;
			productReference = 6F20BD491FE5B4D100E7A398 /* PomodoroUITests.xctest */;
			productType = "com.apple.product-type.bundle.ui-testing";
		};
/* End PBXNativeTarget section */

/* Begin PBXProject section */
		6F20BD221FE5B4D000E7A398 /* Project object */ = {
			isa = PBXProject;
			attributes = {
				LastSwiftUpdateCheck = 0920;
				LastUpgradeCheck = 0920;
				ORGANIZATIONNAME = "Reno Valdes";
				TargetAttributes = {
					6F20BD291FE5B4D000E7A398 = {
						CreatedOnToolsVersion = 9.2;
						ProvisioningStyle = Automatic;
					};
					6F20BD3D1FE5B4D100E7A398 = {
						CreatedOnToolsVersion = 9.2;
						ProvisioningStyle = Automatic;
						TestTargetID = 6F20BD291FE5B4D000E7A398;
					};
					6F20BD481FE5B4D100E7A398 = {
						CreatedOnToolsVersion = 9.2;
						ProvisioningStyle = Automatic;
						TestTargetID = 6F20BD291FE5B4D000E7A398;
					};
				};
			};
			buildConfigurationList = 6F20BD251FE5B4D000E7A398 /* Build configuration list for PBXProject "Pomodoro" */;
			compatibilityVersion = "Xcode 8.0";
			developmentRegion = en;
			hasScannedForEncodings = 0;
			knownRegions = (
				en,
				Base,
			);
			mainGroup = 6F20BD211FE5B4D000E7A398;
			productRefGroup = 6F20BD2B1FE5B4D000E7A398 /* Products */;
			projectDirPath = "";
			projectRoot = "";
			targets = (
				6F20BD291FE5B4D000E7A398 /* Pomodoro */,
				6F20BD3D1FE5B4D100E7A398 /* PomodoroTests */,
				6F20BD481FE5B4D100E7A398 /* PomodoroUITests */,
			);
		};
/* End PBXProject section */

/* Begin PBXResourcesBuildPhase section */
		6F20BD281FE5B4D000E7A398 /* Resources */ = {
			isa = PBXResourcesBuildPhase;
			buildActionMask = 2147483647;
			files = (
				6F20BD381FE5B4D000E7A398 /* LaunchScreen.storyboard in Resources */,
				6FE685651FEF371E00FA6007 /* not-kiddin.mp3 in Resources */,
				6F20BD351FE5B4D000E7A398 /* Assets.xcassets in Resources */,
				6F20BD331FE5B4D000E7A398 /* Main.storyboard in Resources */,
			);
			runOnlyForDeploymentPostprocessing = 0;
		};
		6F20BD3C1FE5B4D100E7A398 /* Resources */ = {
			isa = PBXResourcesBuildPhase;
			buildActionMask = 2147483647;
			files = (
			);
			runOnlyForDeploymentPostprocessing = 0;
		};
		6F20BD471FE5B4D100E7A398 /* Resources */ = {
			isa = PBXResourcesBuildPhase;
			buildActionMask = 2147483647;
			files = (
			);
			runOnlyForDeploymentPostprocessing = 0;
		};
/* End PBXResourcesBuildPhase section */

/* Begin PBXSourcesBuildPhase section */
		6F20BD261FE5B4D000E7A398 /* Sources */ = {
			isa = PBXSourcesBuildPhase;
			buildActionMask = 2147483647;
			files = (
				6F20BD301FE5B4D000E7A398 /* WorkViewController.swift in Sources */,
				6F20BD2E1FE5B4D000E7A398 /* AppDelegate.swift in Sources */,
				6F6CAD3D1FEDEEC4000A8656 /* BreakViewController.swift in Sources */,
			);
			runOnlyForDeploymentPostprocessing = 0;
		};
		6F20BD3A1FE5B4D100E7A398 /* Sources */ = {
			isa = PBXSourcesBuildPhase;
			buildActionMask = 2147483647;
			files = (
				6F20BD431FE5B4D100E7A398 /* PomodoroTests.swift in Sources */,
			);
			runOnlyForDeploymentPostprocessing = 0;
		};
		6F20BD451FE5B4D100E7A398 /* Sources */ = {
			isa = PBXSourcesBuildPhase;
			buildActionMask = 2147483647;
			files = (
				6F20BD4E1FE5B4D100E7A398 /* PomodoroUITests.swift in Sources */,
			);
			runOnlyForDeploymentPostprocessing = 0;
		};
/* End PBXSourcesBuildPhase section */

/* Begin PBXTargetDependency section */
		6F20BD401FE5B4D100E7A398 /* PBXTargetDependency */ = {
			isa = PBXTargetDependency;
			target = 6F20BD291FE5B4D000E7A398 /* Pomodoro */;
			targetProxy = 6F20BD3F1FE5B4D100E7A398 /* PBXContainerItemProxy */;
		};
		6F20BD4B1FE5B4D100E7A398 /* PBXTargetDependency */ = {
			isa = PBXTargetDependency;
			target = 6F20BD291FE5B4D000E7A398 /* Pomodoro */;
			targetProxy = 6F20BD4A1FE5B4D100E7A398 /* PBXContainerItemProxy */;
		};
/* End PBXTargetDependency section */

/* Begin PBXVariantGroup section */
		6F20BD311FE5B4D000E7A398 /* Main.storyboard */ = {
			isa = PBXVariantGroup;
			children = (
				6F20BD321FE5B4D000E7A398 /* Base */,
			);
			name = Main.storyboard;
			sourceTree = "<group>";
		};
		6F20BD361FE5B4D000E7A398 /* LaunchScreen.storyboard */ = {
			isa = PBXVariantGroup;
			children = (
				6F20BD371FE5B4D000E7A398 /* Base */,
			);
			name = LaunchScreen.storyboard;
			sourceTree = "<group>";
		};
/* End PBXVariantGroup section */

/* Begin XCBuildConfiguration section */
		6F20BD501FE5B4D100E7A398 /* Debug */ = {
			isa = XCBuildConfiguration;
			buildSettings = {
				ALWAYS_SEARCH_USER_PATHS = NO;
				CLANG_ANALYZER_NONNULL = YES;
				CLANG_ANALYZER_NUMBER_OBJECT_CONVERSION = YES_AGGRESSIVE;
				CLANG_CXX_LANGUAGE_STANDARD = "gnu++14";
				CLANG_CXX_LIBRARY = "libc++";
				CLANG_ENABLE_MODULES = YES;
				CLANG_ENABLE_OBJC_ARC = YES;
				CLANG_WARN_BLOCK_CAPTURE_AUTORELEASING = YES;
				CLANG_WARN_BOOL_CONVERSION = YES;
				CLANG_WARN_COMMA = YES;
				CLANG_WARN_CONSTANT_CONVERSION = YES;
				CLANG_WARN_DIRECT_OBJC_ISA_USAGE = YES_ERROR;
				CLANG_WARN_DOCUMENTATION_COMMENTS = YES;
				CLANG_WARN_EMPTY_BODY = YES;
				CLANG_WARN_ENUM_CONVERSION = YES;
				CLANG_WARN_INFINITE_RECURSION = YES;
				CLANG_WARN_INT_CONVERSION = YES;
				CLANG_WARN_NON_LITERAL_NULL_CONVERSION = YES;
				CLANG_WARN_OBJC_LITERAL_CONVERSION = YES;
				CLANG_WARN_OBJC_ROOT_CLASS = YES_ERROR;
				CLANG_WARN_RANGE_LOOP_ANALYSIS = YES;
				CLANG_WARN_STRICT_PROTOTYPES = YES;
				CLANG_WARN_SUSPICIOUS_MOVE = YES;
				CLANG_WARN_UNGUARDED_AVAILABILITY = YES_AGGRESSIVE;
				CLANG_WARN_UNREACHABLE_CODE = YES;
				CLANG_WARN__DUPLICATE_METHOD_MATCH = YES;
				CODE_SIGN_IDENTITY = "iPhone Developer";
				COPY_PHASE_STRIP = NO;
				DEBUG_INFORMATION_FORMAT = dwarf;
				ENABLE_STRICT_OBJC_MSGSEND = YES;
				ENABLE_TESTABILITY = YES;
				GCC_C_LANGUAGE_STANDARD = gnu11;
				GCC_DYNAMIC_NO_PIC = NO;
				GCC_NO_COMMON_BLOCKS = YES;
				GCC_OPTIMIZATION_LEVEL = 0;
				GCC_PREPROCESSOR_DEFINITIONS = (
					"DEBUG=1",
					"$(inherited)",
				);
				GCC_WARN_64_TO_32_BIT_CONVERSION = YES;
				GCC_WARN_ABOUT_RETURN_TYPE = YES_ERROR;
				GCC_WARN_UNDECLARED_SELECTOR = YES;
				GCC_WARN_UNINITIALIZED_AUTOS = YES_AGGRESSIVE;
				GCC_WARN_UNUSED_FUNCTION = YES;
				GCC_WARN_UNUSED_VARIABLE = YES;
				IPHONEOS_DEPLOYMENT_TARGET = 11.2;
				MTL_ENABLE_DEBUG_INFO = YES;
				ONLY_ACTIVE_ARCH = YES;
				SDKROOT = iphoneos;
				SWIFT_ACTIVE_COMPILATION_CONDITIONS = DEBUG;
				SWIFT_OPTIMIZATION_LEVEL = "-Onone";
			};
			name = Debug;
		};
		6F20BD511FE5B4D100E7A398 /* Release */ = {
			isa = XCBuildConfiguration;
			buildSettings = {
				ALWAYS_SEARCH_USER_PATHS = NO;
				CLANG_ANALYZER_NONNULL = YES;
				CLANG_ANALYZER_NUMBER_OBJECT_CONVERSION = YES_AGGRESSIVE;
				CLANG_CXX_LANGUAGE_STANDARD = "gnu++14";
				CLANG_CXX_LIBRARY = "libc++";
				CLANG_ENABLE_MODULES = YES;
				CLANG_ENABLE_OBJC_ARC = YES;
				CLANG_WARN_BLOCK_CAPTURE_AUTORELEASING = YES;
				CLANG_WARN_BOOL_CONVERSION = YES;
				CLANG_WARN_COMMA = YES;
				CLANG_WARN_CONSTANT_CONVERSION = YES;
				CLANG_WARN_DIRECT_OBJC_ISA_USAGE = YES_ERROR;
				CLANG_WARN_DOCUMENTATION_COMMENTS = YES;
				CLANG_WARN_EMPTY_BODY = YES;
				CLANG_WARN_ENUM_CONVERSION = YES;
				CLANG_WARN_INFINITE_RECURSION = YES;
				CLANG_WARN_INT_CONVERSION = YES;
				CLANG_WARN_NON_LITERAL_NULL_CONVERSION = YES;
				CLANG_WARN_OBJC_LITERAL_CONVERSION = YES;
				CLANG_WARN_OBJC_ROOT_CLASS = YES_ERROR;
				CLANG_WARN_RANGE_LOOP_ANALYSIS = YES;
				CLANG_WARN_STRICT_PROTOTYPES = YES;
				CLANG_WARN_SUSPICIOUS_MOVE = YES;
				CLANG_WARN_UNGUARDED_AVAILABILITY = YES_AGGRESSIVE;
				CLANG_WARN_UNREACHABLE_CODE = YES;
				CLANG_WARN__DUPLICATE_METHOD_MATCH = YES;
				CODE_SIGN_IDENTITY = "iPhone Developer";
				COPY_PHASE_STRIP = NO;
				DEBUG_INFORMATION_FORMAT = "dwarf-with-dsym";
				ENABLE_NS_ASSERTIONS = NO;
				ENABLE_STRICT_OBJC_MSGSEND = YES;
				GCC_C_LANGUAGE_STANDARD = gnu11;
				GCC_NO_COMMON_BLOCKS = YES;
				GCC_WARN_64_TO_32_BIT_CONVERSION = YES;
				GCC_WARN_ABOUT_RETURN_TYPE = YES_ERROR;
				GCC_WARN_UNDECLARED_SELECTOR = YES;
				GCC_WARN_UNINITIALIZED_AUTOS = YES_AGGRESSIVE;
				GCC_WARN_UNUSED_FUNCTION = YES;
				GCC_WARN_UNUSED_VARIABLE = YES;
				IPHONEOS_DEPLOYMENT_TARGET = 11.2;
				MTL_ENABLE_DEBUG_INFO = NO;
				SDKROOT = iphoneos;
				SWIFT_OPTIMIZATION_LEVEL = "-Owholemodule";
				VALIDATE_PRODUCT = YES;
			};
			name = Release;
		};
		6F20BD531FE5B4D100E7A398 /* Debug */ = {
			isa = XCBuildConfiguration;
			buildSettings = {
				ASSETCATALOG_COMPILER_APPICON_NAME = AppIcon;
				CODE_SIGN_STYLE = Automatic;
				INFOPLIST_FILE = Pomodoro/Info.plist;
				LD_RUNPATH_SEARCH_PATHS = "$(inherited) @executable_path/Frameworks";
				PRODUCT_BUNDLE_IDENTIFIER = r.Pomodoro;
				PRODUCT_NAME = "$(TARGET_NAME)";
				SWIFT_VERSION = 4.0;
				TARGETED_DEVICE_FAMILY = "1,2";
			};
			name = Debug;
		};
		6F20BD541FE5B4D100E7A398 /* Release */ = {
			isa = XCBuildConfiguration;
			buildSettings = {
				ASSETCATALOG_COMPILER_APPICON_NAME = AppIcon;
				CODE_SIGN_STYLE = Automatic;
				INFOPLIST_FILE = Pomodoro/Info.plist;
				LD_RUNPATH_SEARCH_PATHS = "$(inherited) @executable_path/Frameworks";
				PRODUCT_BUNDLE_IDENTIFIER = r.Pomodoro;
				PRODUCT_NAME = "$(TARGET_NAME)";
				SWIFT_VERSION = 4.0;
				TARGETED_DEVICE_FAMILY = "1,2";
			};
			name = Release;
		};
		6F20BD561FE5B4D100E7A398 /* Debug */ = {
			isa = XCBuildConfiguration;
			buildSettings = {
				ALWAYS_EMBED_SWIFT_STANDARD_LIBRARIES = YES;
				BUNDLE_LOADER = "$(TEST_HOST)";
				CODE_SIGN_STYLE = Automatic;
				INFOPLIST_FILE = PomodoroTests/Info.plist;
				LD_RUNPATH_SEARCH_PATHS = "$(inherited) @executable_path/Frameworks @loader_path/Frameworks";
				PRODUCT_BUNDLE_IDENTIFIER = r.PomodoroTests;
				PRODUCT_NAME = "$(TARGET_NAME)";
				SWIFT_VERSION = 4.0;
				TARGETED_DEVICE_FAMILY = "1,2";
				TEST_HOST = "$(BUILT_PRODUCTS_DIR)/Pomodoro.app/Pomodoro";
			};
			name = Debug;
		};
		6F20BD571FE5B4D100E7A398 /* Release */ = {
			isa = XCBuildConfiguration;
			buildSettings = {
				ALWAYS_EMBED_SWIFT_STANDARD_LIBRARIES = YES;
				BUNDLE_LOADER = "$(TEST_HOST)";
				CODE_SIGN_STYLE = Automatic;
				INFOPLIST_FILE = PomodoroTests/Info.plist;
				LD_RUNPATH_SEARCH_PATHS = "$(inherited) @executable_path/Frameworks @loader_path/Frameworks";
				PRODUCT_BUNDLE_IDENTIFIER = r.PomodoroTests;
				PRODUCT_NAME = "$(TARGET_NAME)";
				SWIFT_VERSION = 4.0;
				TARGETED_DEVICE_FAMILY = "1,2";
				TEST_HOST = "$(BUILT_PRODUCTS_DIR)/Pomodoro.app/Pomodoro";
			};
			name = Release;
		};
		6F20BD591FE5B4D100E7A398 /* Debug */ = {
			isa = XCBuildConfiguration;
			buildSettings = {
				ALWAYS_EMBED_SWIFT_STANDARD_LIBRARIES = YES;
				CODE_SIGN_STYLE = Automatic;
				INFOPLIST_FILE = PomodoroUITests/Info.plist;
				LD_RUNPATH_SEARCH_PATHS = "$(inherited) @executable_path/Frameworks @loader_path/Frameworks";
				PRODUCT_BUNDLE_IDENTIFIER = r.PomodoroUITests;
				PRODUCT_NAME = "$(TARGET_NAME)";
				SWIFT_VERSION = 4.0;
				TARGETED_DEVICE_FAMILY = "1,2";
				TEST_TARGET_NAME = Pomodoro;
			};
			name = Debug;
		};
		6F20BD5A1FE5B4D100E7A398 /* Release */ = {
			isa = XCBuildConfiguration;
			buildSettings = {
				ALWAYS_EMBED_SWIFT_STANDARD_LIBRARIES = YES;
				CODE_SIGN_STYLE = Automatic;
				INFOPLIST_FILE = PomodoroUITests/Info.plist;
				LD_RUNPATH_SEARCH_PATHS = "$(inherited) @executable_path/Frameworks @loader_path/Frameworks";
				PRODUCT_BUNDLE_IDENTIFIER = r.PomodoroUITests;
				PRODUCT_NAME = "$(TARGET_NAME)";
				SWIFT_VERSION = 4.0;
				TARGETED_DEVICE_FAMILY = "1,2";
				TEST_TARGET_NAME = Pomodoro;
			};
			name = Release;
		};
/* End XCBuildConfiguration section */

/* Begin XCConfigurationList section */
		6F20BD251FE5B4D000E7A398 /* Build configuration list for PBXProject "Pomodoro" */ = {
			isa = XCConfigurationList;
			buildConfigurations = (
				6F20BD501FE5B4D100E7A398 /* Debug */,
				6F20BD511FE5B4D100E7A398 /* Release */,
			);
			defaultConfigurationIsVisible = 0;
			defaultConfigurationName = Release;
		};
		6F20BD521FE5B4D100E7A398 /* Build configuration list for PBXNativeTarget "Pomodoro" */ = {
			isa = XCConfigurationList;
			buildConfigurations = (
				6F20BD531FE5B4D100E7A398 /* Debug */,
				6F20BD541FE5B4D100E7A398 /* Release */,
			);
			defaultConfigurationIsVisible = 0;
			defaultConfigurationName = Release;
		};
		6F20BD551FE5B4D100E7A398 /* Build configuration list for PBXNativeTarget "PomodoroTests" */ = {
			isa = XCConfigurationList;
			buildConfigurations = (
				6F20BD561FE5B4D100E7A398 /* Debug */,
				6F20BD571FE5B4D100E7A398 /* Release */,
			);
			defaultConfigurationIsVisible = 0;
			defaultConfigurationName = Release;
		};
		6F20BD581FE5B4D100E7A398 /* Build configuration list for PBXNativeTarget "PomodoroUITests" */ = {
			isa = XCConfigurationList;
			buildConfigurations = (
				6F20BD591FE5B4D100E7A398 /* Debug */,
				6F20BD5A1FE5B4D100E7A398 /* Release */,
			);
			defaultConfigurationIsVisible = 0;
			defaultConfigurationName = Release;
		};
/* End XCConfigurationList section */
	};
	rootObject = 6F20BD221FE5B4D000E7A398 /* Project object */;
}
